
Microsoft Visual Studio Solution File, Format Version 11.00
# Visual Studio 2010
Project("{FAE04EC0-301F-11D3-BF4B-00C04F79EFBC}") = "Utility.Logging", "Utility.Logging\Utility.Logging.csproj", "{999140E4-6801-46F6-914D-5F9BFA41A166}"
EndProject
Project("{FAE04EC0-301F-11D3-BF4B-00C04F79EFBC}") = "Utility.Logging.Test", "Utility.Logging.Test\Utility.Logging.Test.csproj", "{06649CFD-A5F8-4FC2-8473-885C0B4F93B7}"
EndProject
Project("{FAE04EC0-301F-11D3-BF4B-00C04F79EFBC}") = "Utility.Logging.NLog", "Utility.Logging.NLog\Utility.Logging.NLog.csproj", "{1F663412-95F8-4A98-827B-9024305655F7}"
EndProject
Project("{FAE04EC0-301F-11D3-BF4B-00C04F79EFBC}") = "Utility.Logging.NLog.Ninject", "Utility.Logging.NLog.Ninject\Utility.Logging.NLog.Ninject.csproj", "{86F5DFDA-E122-4263-ADE0-5BAC81EB85FB}"
EndProject
Project("{FAE04EC0-301F-11D3-BF4B-00C04F79EFBC}") = "Utility.Logging.NLog.Autofac", "Utility.Logging.NLog.Autofac\Utility.Logging.NLog.Autofac.csproj", "{B741E88B-066D-4E42-8CA2-D24633BC86D4}"
EndProject
Global
	GlobalSection(SolutionConfigurationPlatforms) = preSolution
		Debug|Any CPU = Debug|Any CPU
		Release|Any CPU = Release|Any CPU
	EndGlobalSection
	GlobalSection(ProjectConfigurationPlatforms) = postSolution
		{999140E4-6801-46F6-914D-5F9BFA41A166}.Debug|Any CPU.ActiveCfg = Debug|Any CPU
		{999140E4-6801-46F6-914D-5F9BFA41A166}.Debug|Any CPU.Build.0 = Debug|Any CPU
		{999140E4-6801-46F6-914D-5F9BFA41A166}.Release|Any CPU.ActiveCfg = Release|Any CPU
		{999140E4-6801-46F6-914D-5F9BFA41A166}.Release|Any CPU.Build.0 = Release|Any CPU
		{06649CFD-A5F8-4FC2-8473-885C0B4F93B7}.Debug|Any CPU.ActiveCfg = Debug|Any CPU
		{06649CFD-A5F8-4FC2-8473-885C0B4F93B7}.Debug|Any CPU.Build.0 = Debug|Any CPU
		{06649CFD-A5F8-4FC2-8473-885C0B4F93B7}.Release|Any CPU.ActiveCfg = Release|Any CPU
		{06649CFD-A5F8-4FC2-8473-885C0B4F93B7}.Release|Any CPU.Build.0 = Release|Any CPU
		{1F663412-95F8-4A98-827B-9024305655F7}.Debug|Any CPU.ActiveCfg = Debug|Any CPU
		{1F663412-95F8-4A98-827B-9024305655F7}.Debug|Any CPU.Build.0 = Debug|Any CPU
		{1F663412-95F8-4A98-827B-9024305655F7}.Release|Any CPU.ActiveCfg = Release|Any CPU
		{1F663412-95F8-4A98-827B-9024305655F7}.Release|Any CPU.Build.0 = Release|Any CPU
		{86F5DFDA-E122-4263-ADE0-5BAC81EB85FB}.Debug|Any CPU.ActiveCfg = Debug|Any CPU
		{86F5DFDA-E122-4263-ADE0-5BAC81EB85FB}.Debug|Any CPU.Build.0 = Debug|Any CPU
		{86F5DFDA-E122-4263-ADE0-5BAC81EB85FB}.Release|Any CPU.ActiveCfg = Release|Any CPU
		{86F5DFDA-E122-4263-ADE0-5BAC81EB85FB}.Release|Any CPU.Build.0 = Release|Any CPU
		{B741E88B-066D-4E42-8CA2-D24633BC86D4}.Debug|Any CPU.ActiveCfg = Debug|Any CPU
		{B741E88B-066D-4E42-8CA2-D24633BC86D4}.Debug|Any CPU.Build.0 = Debug|Any CPU
		{B741E88B-066D-4E42-8CA2-D24633BC86D4}.Release|Any CPU.ActiveCfg = Release|Any CPU
		{B741E88B-066D-4E42-8CA2-D24633BC86D4}.Release|Any CPU.Build.0 = Release|Any CPU
	EndGlobalSection
	GlobalSection(SolutionProperties) = preSolution
		HideSolutionNode = FALSE
	EndGlobalSection
EndGlobal
